{
  "lockfileVersion": 1,
  "configVersion": 1,
  "workspaces": {
    "": {
      "name": "app",
      "dependencies": {
        "@ai-sdk/openai": "^4.0.9",
        "@elysiajs/openapi": "^1.4.15",
        "@qdrant/js-client-rest": "^1.18.0",
        "ai": "^7.0.18",
        "elysia": "latest",
        "redis": "^5.12.1",
        "voyage-ai-provider": "^4.0.0",
      },
      "devDependencies": {
        "@biomejs/biome": "^2.5.3",
        "bun-types": "latest",
      },
    },
  },
  "packages": {
    "@ai-sdk/gateway": ["@ai-sdk/gateway@4.0.14", "", { "dependencies": { "@ai-sdk/provider": "4.0.2", "@ai-sdk/provider-utils": "5.0.6", "@vercel/oidc": "3.2.0" }, "peerDependencies": { "zod": "^3.25.76 || ^4.1.8" } }, "sha512-wbYqQKpASsuK7bdoa1fp+QA6oy3ddqqBOukN3IkyaR8PAp0pWoc66ch2td+ixeknoCcO4F6VTkSFKVC6MP3bTQ=="],

    "@ai-sdk/openai": ["@ai-sdk/openai@4.0.9", "", { "dependencies": { "@ai-sdk/provider": "4.0.2", "@ai-sdk/provider-utils": "5.0.6" }, "peerDependencies": { "zod": "^3.25.76 || ^4.1.8" } }, "sha512-j7x7FC6KQJMQaJoi6hFLzbB2aXMnR+IA8h0BQH8YCbQESppbM7SzmZ4VAPpobIvx0rqiVNJ1JjraElOLuA31Ag=="],

    "@ai-sdk/provider": ["@ai-sdk/provider@4.0.2", "", { "dependencies": { "json-schema": "^0.4.0" } }, "sha512-pfPoy9J1B1xV7cqJ8MYHOsDYrMv5tR3+EMNfI249OhkD2uRakvav3Fo7XpD2luuN/YNCBY7KfEQc7vEV7KEtyw=="],

    "@ai-sdk/provider-utils": ["@ai-sdk/provider-utils@5.0.6", "", { "dependencies": { "@ai-sdk/provider": "4.0.2", "@standard-schema/spec": "^1.1.0", "@workflow/serde": "4.1.0", "eventsource-parser": "^3.0.8" }, "peerDependencies": { "zod": "^3.25.76 || ^4.1.8" } }, "sha512-i4mVayGtC+HrRmtfPFOxvKKQgFU+1dwTTsh4MY0jY1MaGuppOwDFrNYrJ3dDXWMkO3o6FDVAKY8ZDsy7hLsO9Q=="],

    "@biomejs/biome": ["@biomejs/biome@2.5.3", "", { "optionalDependencies": { "@biomejs/cli-darwin-arm64": "2.5.3", "@biomejs/cli-darwin-x64": "2.5.3", "@biomejs/cli-linux-arm64": "2.5.3", "@biomejs/cli-linux-arm64-musl": "2.5.3", "@biomejs/cli-linux-x64": "2.5.3", "@biomejs/cli-linux-x64-musl": "2.5.3", "@biomejs/cli-win32-arm64": "2.5.3", "@biomejs/cli-win32-x64": "2.5.3" }, "bin": { "biome": "bin/biome" } }, "sha512-MrJswFdei9EfDwwUy2tQrPDpK0AO+RmMFvBoaaJ6ayBc3sUbHdCE+XG5N8vp+5So41ZupZJQm0roHFFhMGVD7A=="],

    "@biomejs/cli-darwin-arm64": ["@biomejs/cli-darwin-arm64@2.5.3", "", { "os": "darwin", "cpu": "arm64" }, "sha512-QhYP9muVQ0nUO5zztFuPbEwi4+94sJWVjaZds9aMi1l/KNZBiUjdiSUrGHsTaMGDXrYl+r4AS2sUKfgH3w+V3g=="],

    "@biomejs/cli-darwin-x64": ["@biomejs/cli-darwin-x64@2.5.3", "", { "os": "darwin", "cpu": "x64" }, "sha512-NC1Ss13UaW7QZX+y8j44bF7AP0jSJdBl6iRhe0MAkvaSqZy+mWg3GaXsrb+eSoHoGDBtaXWEbMVV0iVN2cZ7cQ=="],

    "@biomejs/cli-linux-arm64": ["@biomejs/cli-linux-arm64@2.5.3", "", { "os": "linux", "cpu": "arm64" }, "sha512-ksx1KWeyYW18ILL04msF/J4ZBtBDN33znYK8Z/aNv/vlBVxL9/g3mGP+omgHJKy4+KWbK87vcmmpmurfNjSgiA=="],

    "@biomejs/cli-linux-arm64-musl": ["@biomejs/cli-linux-arm64-musl@2.5.3", "", { "os": "linux", "cpu": "arm64" }, "sha512-fccix0w6xp6csCXgxeC0dU/3ecgRQal0y+cv2SP9ajNlhe7Yrk2Ug7UDe2j9AT9ZDYitkXpvUKgZjjuoYeP4Vg=="],

    "@biomejs/cli-linux-x64": ["@biomejs/cli-linux-x64@2.5.3", "", { "os": "linux", "cpu": "x64" }, "sha512-yMkJtilsgvILDcVkh187aVLTb64xYsrxYajx5kym+r1ULkO5HUOfu9AYKLGQbOVLwJtT2utNw7hhFNg+17mUYA=="],

    "@biomejs/cli-linux-x64-musl": ["@biomejs/cli-linux-x64-musl@2.5.3", "", { "os": "linux", "cpu": "x64" }, "sha512-O/yU9YKRUiHhmcjF2f38PSjseVk3G4VLWYc0G2HWpzdBVREV6G8IGWIVEFf7MFPfWIzNUIvPsEjeAZQIOgnLcQ=="],

    "@biomejs/cli-win32-arm64": ["@biomejs/cli-win32-arm64@2.5.3", "", { "os": "win32", "cpu": "arm64" }, "sha512-cX5z+GYwRcqEok0AH3KSfQGgqYd0Nomfp6Fbe1uiTtELE38hdH2k842wQ9wLNaF/JJ7r4rjJQ4VR+ce+fRmQbw=="],

    "@biomejs/cli-win32-x64": ["@biomejs/cli-win32-x64@2.5.3", "", { "os": "win32", "cpu": "x64" }, "sha512-ExSaJWi4/u6+GXCszlSKpWSjKNbDseAYqqkCznsCsZ/4uidZ/BEqsCc5/3ctlq6dfIubdIIRSVLC/PG9xPl70Q=="],

    "@borewit/text-codec": ["@borewit/text-codec@0.2.2", "", {}, "sha512-DDaRehssg1aNrH4+2hnj1B7vnUGEjU6OIlyRdkMd0aUdIUvKXrJfXsy8LVtXAy7DRvYVluWbMspsRhz2lcW0mQ=="],

    "@elysiajs/openapi": ["@elysiajs/openapi@1.4.15", "", { "peerDependencies": { "elysia": ">= 1.4.0" } }, "sha512-HDtGIrWfFJk6UJS7qbgRmjifbSqnnRGDM3CsU/GVJkxLbEVEkNuQDf+Quh9fGbytSrJ8g4+tX9eVjshYhCH29w=="],

    "@opentelemetry/api": ["@opentelemetry/api@1.9.1", "", {}, "sha512-gLyJlPHPZYdAk1JENA9LeHejZe1Ti77/pTeFm/nMXmQH/HFZlcS/O2XJB+L8fkbrNSqhdtlvjBVjxwUYanNH5Q=="],

    "@qdrant/js-client-rest": ["@qdrant/js-client-rest@1.18.0", "", { "dependencies": { "@qdrant/openapi-typescript-fetch": "1.2.6", "undici": "^6.24.0" }, "peerDependencies": { "typescript": ">=4.7" } }, "sha512-/0dqX5uV9chC1DnYSnU4gNMrDqse/pt6hHg3Rqqpl5isH7xl1xSNvffjzBoxycDD79luWn7Ho6Rh/61sOs5DNw=="],

    "@qdrant/openapi-typescript-fetch": ["@qdrant/openapi-typescript-fetch@1.2.6", "", {}, "sha512-oQG/FejNpItrxRHoyctYvT3rwGZOnK4jr3JdppO/c78ktDvkWiPXPHNsrDf33K9sZdRb6PR7gi4noIapu5q4HA=="],

    "@redis/bloom": ["@redis/bloom@5.12.1", "", { "peerDependencies": { "@redis/client": "^5.12.1" } }, "sha512-PUUfv+ms7jgPSBVoo/DN4AkPHj4D5TZSd6SbJX7egzBplkYUcKmHRE8RKia7UtZ8bSQbLguLvxVO+asKtQfZWA=="],

    "@redis/client": ["@redis/client@5.12.1", "", { "dependencies": { "cluster-key-slot": "1.1.2" }, "peerDependencies": { "@node-rs/xxhash": "^1.1.0", "@opentelemetry/api": ">=1 <2" }, "optionalPeers": ["@node-rs/xxhash", "@opentelemetry/api"] }, "sha512-7aPGWeqA3uFm43o19umzdl16CEjK/JQGtSXVPevplTaOU3VJA/rseBC1QvYUz9lLDIMBimc4SW/zrW4S89BaCA=="],

    "@redis/json": ["@redis/json@5.12.1", "", { "peerDependencies": { "@redis/client": "^5.12.1" } }, "sha512-eOze75esLve4vfqDel7aMX08CNaiLLQS2fV8mpRN9NxPe1rVR4vQyYiW/OgtGUysF6QOr9ANhfxABKNOJfXdKg=="],

    "@redis/search": ["@redis/search@5.12.1", "", { "peerDependencies": { "@redis/client": "^5.12.1" } }, "sha512-ItlxbxC9cKI6IU1TLWoczwJCRb6TdmkEpWv05UrPawqaAnWGRu3rcIqsc5vN483T2fSociuyV1UkWIL5I4//2w=="],

    "@redis/time-series": ["@redis/time-series@5.12.1", "", { "peerDependencies": { "@redis/client": "^5.12.1" } }, "sha512-c6JL6E3EcZJuNqKFz+KM+l9l5mpcQiKvTwgA3blt5glWJ8hjDk0yeHN3beE/MpqYIQ8UEX44ItQzgkE/gCBELQ=="],

    "@sinclair/typebox": ["@sinclair/typebox@0.34.49", "", {}, "sha512-brySQQs7Jtn0joV8Xh9ZV/hZb9Ozb0pmazDIASBkYKCjXrXU3mpcFahmK/z4YDhGkQvP9mWJbVyahdtU5wQA+A=="],

    "@standard-schema/spec": ["@standard-schema/spec@1.1.0", "", {}, "sha512-l2aFy5jALhniG5HgqrD6jXLi/rUWrKvqN/qJx6yoJsgKhblVd+iqqU4RCXavm/jPityDo5TCvKMnpjKnOriy0w=="],

    "@tokenizer/inflate": ["@tokenizer/inflate@0.4.1", "", { "dependencies": { "debug": "^4.4.3", "token-types": "^6.1.1" } }, "sha512-2mAv+8pkG6GIZiF1kNg1jAjh27IDxEPKwdGul3snfztFerfPGI1LjDezZp3i7BElXompqEtPmoPx6c2wgtWsOA=="],

    "@tokenizer/token": ["@tokenizer/token@0.3.0", "", {}, "sha512-OvjF+z51L3ov0OyAU0duzsYuvO01PH7x4t6DJx+guahgTnBHkhJdG7soQeTSFLWN3efnHyibZ4Z8l2EuWwJN3A=="],

    "@types/node": ["@types/node@25.5.2", "", { "dependencies": { "undici-types": "~7.18.0" } }, "sha512-tO4ZIRKNC+MDWV4qKVZe3Ql/woTnmHDr5JD8UI5hn2pwBrHEwOEMZK7WlNb5RKB6EoJ02gwmQS9OrjuFnZYdpg=="],

    "@vercel/oidc": ["@vercel/oidc@3.2.0", "", {}, "sha512-UycprH3T6n3jH0k44NHMa7pnFHGu/N05MjojYr+Mc6I7obkoLIJujSWwin1pCvdy/eOxrI/l3uDLQsmcrOb4ug=="],

    "@workflow/serde": ["@workflow/serde@4.1.0", "", {}, "sha512-pav4F2BoirECWR7Nf1TKt+2eETcBj7jj4cBefQ8VXQCA6NPkaKeLfj/zMgi+3zYV5ZIBT4GuUiphsj0/b9hPQQ=="],

    "ai": ["ai@7.0.18", "", { "dependencies": { "@ai-sdk/gateway": "4.0.14", "@ai-sdk/provider": "4.0.2", "@ai-sdk/provider-utils": "5.0.6" }, "peerDependencies": { "zod": "^3.25.76 || ^4.1.8" } }, "sha512-/DsiRfbLPtoHf9C47Hy+LK+HkjNowX1DQo3id4zWegfU6z1WjVDRAHYJAiX7SXhGp0mWX4tcenUhfIFessDWnw=="],

    "bun-types": ["bun-types@1.3.14", "", { "dependencies": { "@types/node": "*" } }, "sha512-4N0ig0fEomHt5R0KCFWjovxow98rIoRwKolrYdCcknNwMekCXRnWEUvgu5soYV8QXtVsrUD8B95MBOZGPvr6KQ=="],

    "cluster-key-slot": ["cluster-key-slot@1.1.2", "", {}, "sha512-RMr0FhtfXemyinomL4hrWcYJxmX6deFdCxpJzhDttxgO1+bcCnkk+9drydLVDmAMG7NE6aN/fl4F7ucU/90gAA=="],

    "cookie": ["cookie@1.1.1", "", {}, "sha512-ei8Aos7ja0weRpFzJnEA9UHJ/7XQmqglbRwnf2ATjcB9Wq874VKH9kfjjirM6UhU2/E5fFYadylyhFldcqSidQ=="],

    "debug": ["debug@4.4.3", "", { "dependencies": { "ms": "^2.1.3" } }, "sha512-RGwwWnwQvkVfavKVt22FGLw+xYSdzARwm0ru6DhTVA3umU5hZc28V3kO4stgYryrTlLpuvgI9GiijltAjNbcqA=="],

    "elysia": ["elysia@1.4.29", "", { "dependencies": { "cookie": "^1.1.1", "exact-mirror": "^0.2.7", "fast-decode-uri-component": "^1.0.1", "memoirist": "^0.4.0" }, "peerDependencies": { "@sinclair/typebox": ">= 0.34.0 < 1", "@types/bun": ">= 1.2.0", "file-type": ">= 20.0.0", "openapi-types": ">= 12.0.0", "typescript": ">= 5.0.0" }, "optionalPeers": ["@types/bun", "typescript"] }, "sha512-GwMRGGwSdjfPt+w3LA0fqTuYJtS8uVRJicvoar98/HrO5qdFKDc9CwjIb6Kja+v39lkY+58hr2JvdR9jQzlUuA=="],

    "eventsource-parser": ["eventsource-parser@3.1.0", "", {}, "sha512-kJezFj9YFAMLeORyi7aCLxLbD5/qWMQnoMVlVPyHIll7lgRJCc3JVln9Vgl9nwQi0YkMnhdGTMNn7CkRRAptMg=="],

    "exact-mirror": ["exact-mirror@0.2.7", "", { "peerDependencies": { "@sinclair/typebox": "^0.34.15" }, "optionalPeers": ["@sinclair/typebox"] }, "sha512-+MeEmDcLA4o/vjK2zujgk+1VTxPR4hdp23qLqkWfStbECtAq9gmsvQa3LW6z/0GXZyHJobrCnmy1cdeE7BjsYg=="],

    "fast-decode-uri-component": ["fast-decode-uri-component@1.0.1", "", {}, "sha512-WKgKWg5eUxvRZGwW8FvfbaH7AXSh2cL+3j5fMGzUMCxWBJ3dV3a7Wz8y2f/uQ0e3B6WmodD3oS54jTQ9HVTIIg=="],

    "file-type": ["file-type@22.0.0", "", { "dependencies": { "@tokenizer/inflate": "^0.4.1", "strtok3": "^10.3.5", "token-types": "^6.1.2", "uint8array-extras": "^1.5.0" } }, "sha512-cmBmnYo8Zymabm2+qAP7jTFbKF10bQpYmxoGfuZbRFRcq00BRddJdGNH/P7GA1EMpJy5yQbqa9B7yROb3z8Ziw=="],

    "ieee754": ["ieee754@1.2.1", "", {}, "sha512-dcyqhDvX1C46lXZcVqCpK+FtMRQVdIMN6/Df5js2zouUsqG7I6sFxitIC+7KYK29KdXOLHdu9zL4sFnoVQnqaA=="],

    "json-schema": ["json-schema@0.4.0", "", {}, "sha512-es94M3nTIfsEPisRafak+HDLfHXnKBhV3vU5eqPcS3flIWqcxJWgXHXiey3YrpaNsanY5ei1VoYEbOzijuq9BA=="],

    "memoirist": ["memoirist@0.4.0", "", {}, "sha512-zxTgA0mSYELa66DimuNQDvyLq36AwDlTuVRbnQtB+VuTcKWm5Qc4z3WkSpgsFWHNhexqkIooqpv4hdcqrX5Nmg=="],

    "ms": ["ms@2.1.3", "", {}, "sha512-6FlzubTLZG3J2a/NVCAleEhjzq5oxgHyaCU9yYXvcLsvoVaHJq/s5xXI6/XXP6tz7R9xAOtHnSO/tXtF3WRTlA=="],

    "openapi-types": ["openapi-types@12.1.3", "", {}, "sha512-N4YtSYJqghVu4iek2ZUvcN/0aqH1kRDuNqzcycDxhOUpg7GdvLa2F3DgS6yBNhInhv2r/6I0Flkn7CqL8+nIcw=="],

    "redis": ["redis@5.12.1", "", { "dependencies": { "@redis/bloom": "5.12.1", "@redis/client": "5.12.1", "@redis/json": "5.12.1", "@redis/search": "5.12.1", "@redis/time-series": "5.12.1" } }, "sha512-LDsoVvb/CpoV9EN3FXvgvSHNJWuCIzl9MiO3ppOevuGLpSGJhwfQjpEwfFJcQvNSddHADDdZaWx0HnmMxRXG7g=="],

    "strtok3": ["strtok3@10.3.5", "", { "dependencies": { "@tokenizer/token": "^0.3.0" } }, "sha512-ki4hZQfh5rX0QDLLkOCj+h+CVNkqmp/CMf8v8kZpkNVK6jGQooMytqzLZYUVYIZcFZ6yDB70EfD8POcFXiF5oA=="],

    "token-types": ["token-types@6.1.2", "", { "dependencies": { "@borewit/text-codec": "^0.2.1", "@tokenizer/token": "^0.3.0", "ieee754": "^1.2.1" } }, "sha512-dRXchy+C0IgK8WPC6xvCHFRIWYUbqqdEIKPaKo/AcTUNzwLTK6AH7RjdLWsEZcAN/TBdtfUw3PYEgPr5VPr6ww=="],

    "typescript": ["typescript@6.0.2", "", { "bin": { "tsc": "bin/tsc", "tsserver": "bin/tsserver" } }, "sha512-bGdAIrZ0wiGDo5l8c++HWtbaNCWTS4UTv7RaTH/ThVIgjkveJt83m74bBHMJkuCbslY8ixgLBVZJIOiQlQTjfQ=="],

    "uint8array-extras": ["uint8array-extras@1.5.0", "", {}, "sha512-rvKSBiC5zqCCiDZ9kAOszZcDvdAHwwIKJG33Ykj43OKcWsnmcBRL09YTU4nOeHZ8Y2a7l1MgTd08SBe9A8Qj6A=="],

    "undici": ["undici@6.24.1", "", {}, "sha512-sC+b0tB1whOCzbtlx20fx3WgCXwkW627p4EA9uM+/tNNPkSS+eSEld6pAs9nDv7WbY1UUljBMYPtu9BCOrCWKA=="],

    "undici-types": ["undici-types@7.18.2", "", {}, "sha512-AsuCzffGHJybSaRrmr5eHr81mwJU3kjw6M+uprWvCXiNeN9SOGwQ3Jn8jb8m3Z6izVgknn1R0FTCEAP2QrLY/w=="],

    "voyage-ai-provider": ["voyage-ai-provider@4.0.0", "", { "dependencies": { "@ai-sdk/provider": "^3.0.10", "@ai-sdk/provider-utils": "^4.0.27" }, "peerDependencies": { "zod": "^3.25.76 || ^4" }, "optionalPeers": ["zod"] }, "sha512-zlVJvrttY8Qm0ORaLfwDURiD2ZMMaw6g7kjLJMyknNIaLebdC0RsQ0tXCleNB9AoiQiYZyFNsD8EvzkRIGudhw=="],

    "zod": ["zod@4.4.3", "", {}, "sha512-ytENFjIJFl2UwYglde2jchW2Hwm4GJFLDiSXWdTrJQBIN9Fcyp7n4DhxJEiWNAJMV1/BqWfW/kkg71UDcHJyTQ=="],

    "voyage-ai-provider/@ai-sdk/provider": ["@ai-sdk/provider@3.0.13", "", { "dependencies": { "json-schema": "^0.4.0" } }, "sha512-ZPtVYt5QIJzOta1kdUiDuCx4HhFkvNPv/rvmZ2b1iXwybYjJsCnNYR4PAw4kW7rgVfDARvHXcU64efWuqNp6bw=="],

    "voyage-ai-provider/@ai-sdk/provider-utils": ["@ai-sdk/provider-utils@4.0.37", "", { "dependencies": { "@ai-sdk/provider": "3.0.13", "@standard-schema/spec": "^1.1.0", "eventsource-parser": "^3.0.8" }, "peerDependencies": { "zod": "^3.25.76 || ^4.1.8" } }, "sha512-VG4tpVXCuzm21U9xjg05BCMZnjZOazC72+MxBkLAa7hCKsnqNt542GYWUUqwmHSczJwgbSXN8UvaNgSerUaKdw=="],
  }
}
